--------------------------- 
  Date et heure : 05/12/2023 05:53:05
Paul a pris une decision à 05:53:05 et il est maintenant en train de passer le temps.
 ----------------------------
--------------------------- 
  Date et heure : 05/12/2023 05:53:15
Paul est en train de passer le temps.
 ----------------------------
--------------------------- 
  Date et heure : 05/12/2023 05:53:25
Paul est en train de passer le temps.
 ----------------------------
--------------------------- 
  Date et heure : 05/12/2023 05:53:35
Il est en train de passer le temps.
 ----------------------------
--------------------------- 
  Date et heure : 05/12/2023 05:53:45
Paul est en train de passer le temps.
 ----------------------------
--------------------------- 
  Date et heure : 05/12/2023 05:53:55
Paul est en train de passer le temps.
 ----------------------------
--------------------------- 
  Date et heure : 05/12/2023 05:54:05
Paul est en train de passer le temps.
 ----------------------------
